
Microsoft Visual Studio Solution File, Format Version 12.00
# Visual Studio 14
VisualStudioVersion = 14.0.25123.0
MinimumVisualStudioVersion = 10.0.40219.1
Project("{FAE04EC0-301F-11D3-BF4B-00C04F79EFBC}") = "AppointmentTile.Frontend", "AppointmentTile\AppointmentTile.Frontend.csproj", "{3BD6A504-2154-445A-85EB-322172D46A9A}"
EndProject
Project("{FAE04EC0-301F-11D3-BF4B-00C04F79EFBC}") = "AppointmentTile.BackgroundTask", "AppointmentTile.BackgroundTask\AppointmentTile.BackgroundTask.csproj", "{A5E3E93E-CA69-4B88-A24A-633FD6BE7F86}"
EndProject
Project("{FAE04EC0-301F-11D3-BF4B-00C04F79EFBC}") = "AppointmentTile.Data", "AppointmentTile.Data\AppointmentTile.Data.csproj", "{919347FE-41E6-4E85-9E53-66865B7A943E}"
EndProject
Global
	GlobalSection(SolutionConfigurationPlatforms) = preSolution
		Debug|Any CPU = Debug|Any CPU
		Debug|ARM = Debug|ARM
		Debug|x64 = Debug|x64
		Debug|x86 = Debug|x86
		Release|Any CPU = Release|Any CPU
		Release|ARM = Release|ARM
		Release|x64 = Release|x64
		Release|x86 = Release|x86
	EndGlobalSection
	GlobalSection(ProjectConfigurationPlatforms) = postSolution
		{3BD6A504-2154-445A-85EB-322172D46A9A}.Debug|Any CPU.ActiveCfg = Debug|ARM
		{3BD6A504-2154-445A-85EB-322172D46A9A}.Debug|ARM.ActiveCfg = Debug|ARM
		{3BD6A504-2154-445A-85EB-322172D46A9A}.Debug|ARM.Build.0 = Debug|ARM
		{3BD6A504-2154-445A-85EB-322172D46A9A}.Debug|ARM.Deploy.0 = Debug|ARM
		{3BD6A504-2154-445A-85EB-322172D46A9A}.Debug|x64.ActiveCfg = Debug|x64
		{3BD6A504-2154-445A-85EB-322172D46A9A}.Debug|x64.Build.0 = Debug|x64
		{3BD6A504-2154-445A-85EB-322172D46A9A}.Debug|x64.Deploy.0 = Debug|x64
		{3BD6A504-2154-445A-85EB-322172D46A9A}.Debug|x86.ActiveCfg = Debug|x86
		{3BD6A504-2154-445A-85EB-322172D46A9A}.Debug|x86.Build.0 = Debug|x86
		{3BD6A504-2154-445A-85EB-322172D46A9A}.Debug|x86.Deploy.0 = Debug|x86
		{3BD6A504-2154-445A-85EB-322172D46A9A}.Release|Any CPU.ActiveCfg = Release|x86
		{3BD6A504-2154-445A-85EB-322172D46A9A}.Release|ARM.ActiveCfg = Release|ARM
		{3BD6A504-2154-445A-85EB-322172D46A9A}.Release|ARM.Build.0 = Release|ARM
		{3BD6A504-2154-445A-85EB-322172D46A9A}.Release|ARM.Deploy.0 = Release|ARM
		{3BD6A504-2154-445A-85EB-322172D46A9A}.Release|x64.ActiveCfg = Release|x64
		{3BD6A504-2154-445A-85EB-322172D46A9A}.Release|x64.Build.0 = Release|x64
		{3BD6A504-2154-445A-85EB-322172D46A9A}.Release|x64.Deploy.0 = Release|x64
		{3BD6A504-2154-445A-85EB-322172D46A9A}.Release|x86.ActiveCfg = Release|x86
		{3BD6A504-2154-445A-85EB-322172D46A9A}.Release|x86.Build.0 = Release|x86
		{3BD6A504-2154-445A-85EB-322172D46A9A}.Release|x86.Deploy.0 = Release|x86
		{A5E3E93E-CA69-4B88-A24A-633FD6BE7F86}.Debug|Any CPU.ActiveCfg = Debug|Any CPU
		{A5E3E93E-CA69-4B88-A24A-633FD6BE7F86}.Debug|Any CPU.Build.0 = Debug|Any CPU
		{A5E3E93E-CA69-4B88-A24A-633FD6BE7F86}.Debug|ARM.ActiveCfg = Debug|ARM
		{A5E3E93E-CA69-4B88-A24A-633FD6BE7F86}.Debug|ARM.Build.0 = Debug|ARM
		{A5E3E93E-CA69-4B88-A24A-633FD6BE7F86}.Debug|x64.ActiveCfg = Debug|x64
		{A5E3E93E-CA69-4B88-A24A-633FD6BE7F86}.Debug|x64.Build.0 = Debug|x64
		{A5E3E93E-CA69-4B88-A24A-633FD6BE7F86}.Debug|x86.ActiveCfg = Debug|x86
		{A5E3E93E-CA69-4B88-A24A-633FD6BE7F86}.Debug|x86.Build.0 = Debug|x86
		{A5E3E93E-CA69-4B88-A24A-633FD6BE7F86}.Release|Any CPU.ActiveCfg = Release|Any CPU
		{A5E3E93E-CA69-4B88-A24A-633FD6BE7F86}.Release|Any CPU.Build.0 = Release|Any CPU
		{A5E3E93E-CA69-4B88-A24A-633FD6BE7F86}.Release|ARM.ActiveCfg = Release|ARM
		{A5E3E93E-CA69-4B88-A24A-633FD6BE7F86}.Release|ARM.Build.0 = Release|ARM
		{A5E3E93E-CA69-4B88-A24A-633FD6BE7F86}.Release|x64.ActiveCfg = Release|x64
		{A5E3E93E-CA69-4B88-A24A-633FD6BE7F86}.Release|x64.Build.0 = Release|x64
		{A5E3E93E-CA69-4B88-A24A-633FD6BE7F86}.Release|x86.ActiveCfg = Release|x86
		{A5E3E93E-CA69-4B88-A24A-633FD6BE7F86}.Release|x86.Build.0 = Release|x86
		{919347FE-41E6-4E85-9E53-66865B7A943E}.Debug|Any CPU.ActiveCfg = Debug|Any CPU
		{919347FE-41E6-4E85-9E53-66865B7A943E}.Debug|Any CPU.Build.0 = Debug|Any CPU
		{919347FE-41E6-4E85-9E53-66865B7A943E}.Debug|ARM.ActiveCfg = Debug|ARM
		{919347FE-41E6-4E85-9E53-66865B7A943E}.Debug|ARM.Build.0 = Debug|ARM
		{919347FE-41E6-4E85-9E53-66865B7A943E}.Debug|x64.ActiveCfg = Debug|x64
		{919347FE-41E6-4E85-9E53-66865B7A943E}.Debug|x64.Build.0 = Debug|x64
		{919347FE-41E6-4E85-9E53-66865B7A943E}.Debug|x86.ActiveCfg = Debug|x86
		{919347FE-41E6-4E85-9E53-66865B7A943E}.Debug|x86.Build.0 = Debug|x86
		{919347FE-41E6-4E85-9E53-66865B7A943E}.Release|Any CPU.ActiveCfg = Release|Any CPU
		{919347FE-41E6-4E85-9E53-66865B7A943E}.Release|Any CPU.Build.0 = Release|Any CPU
		{919347FE-41E6-4E85-9E53-66865B7A943E}.Release|ARM.ActiveCfg = Release|ARM
		{919347FE-41E6-4E85-9E53-66865B7A943E}.Release|ARM.Build.0 = Release|ARM
		{919347FE-41E6-4E85-9E53-66865B7A943E}.Release|x64.ActiveCfg = Release|x64
		{919347FE-41E6-4E85-9E53-66865B7A943E}.Release|x64.Build.0 = Release|x64
		{919347FE-41E6-4E85-9E53-66865B7A943E}.Release|x86.ActiveCfg = Release|x86
		{919347FE-41E6-4E85-9E53-66865B7A943E}.Release|x86.Build.0 = Release|x86
	EndGlobalSection
	GlobalSection(SolutionProperties) = preSolution
		HideSolutionNode = FALSE
	EndGlobalSection
EndGlobal
